
Microsoft Visual Studio Solution File, Format Version 12.00
# Visual Studio Version 16
VisualStudioVersion = 16.0.31624.102
MinimumVisualStudioVersion = 10.0.40219.1
Project("{8BC9CEB8-8B4A-11D0-8D11-00A0C91BC942}") = "cjson", "cjson\cjson.vcxproj", "{7C872ABA-E40A-41A5-9F8F-863D3D256184}"
EndProject
Global
	GlobalSection(SolutionConfigurationPlatforms) = preSolution
		Debug|x64 = Debug|x64
		Debug|x86 = Debug|x86
		Release|x64 = Release|x64
		Release|x86 = Release|x86
	EndGlobalSection
	GlobalSection(ProjectConfigurationPlatforms) = postSolution
		{7C872ABA-E40A-41A5-9F8F-863D3D256184}.Debug|x64.ActiveCfg = Debug|x64
		{7C872ABA-E40A-41A5-9F8F-863D3D256184}.Debug|x64.Build.0 = Debug|x64
		{7C872ABA-E40A-41A5-9F8F-863D3D256184}.Debug|x86.ActiveCfg = Debug|Win32
		{7C872ABA-E40A-41A5-9F8F-863D3D256184}.Debug|x86.Build.0 = Debug|Win32
		{7C872ABA-E40A-41A5-9F8F-863D3D256184}.Release|x64.ActiveCfg = Release|x64
		{7C872ABA-E40A-41A5-9F8F-863D3D256184}.Release|x64.Build.0 = Release|x64
		{7C872ABA-E40A-41A5-9F8F-863D3D256184}.Release|x86.ActiveCfg = Release|Win32
		{7C872ABA-E40A-41A5-9F8F-863D3D256184}.Release|x86.Build.0 = Release|Win32
	EndGlobalSection
	GlobalSection(SolutionProperties) = preSolution
		HideSolutionNode = FALSE
	EndGlobalSection
	GlobalSection(ExtensibilityGlobals) = postSolution
		SolutionGuid = {24FC7890-A6D8-464C-9340-1B85BA6EC2BB}
	EndGlobalSection
EndGlobal
